
Microsoft Visual Studio Solution File, Format Version 12.00
# Visual Studio Version 17
VisualStudioVersion = 17.8.34330.188
MinimumVisualStudioVersion = 10.0.40219.1
Project("{FAE04EC0-301F-11D3-BF4B-00C04F79EFBC}") = "Shahriyor", "Shahriyor.csproj", "{A85804A9-FA12-4690-9BDF-19618FC0829A}"
EndProject
Global
	GlobalSection(SolutionConfigurationPlatforms) = preSolution
		Debug|Any CPU = Debug|Any CPU
		Release|Any CPU = Release|Any CPU
	EndGlobalSection
	GlobalSection(ProjectConfigurationPlatforms) = postSolution
		{A85804A9-FA12-4690-9BDF-19618FC0829A}.Debug|Any CPU.ActiveCfg = Debug|Any CPU
		{A85804A9-FA12-4690-9BDF-19618FC0829A}.Debug|Any CPU.Build.0 = Debug|Any CPU
		{A85804A9-FA12-4690-9BDF-19618FC0829A}.Release|Any CPU.ActiveCfg = Release|Any CPU
		{A85804A9-FA12-4690-9BDF-19618FC0829A}.Release|Any CPU.Build.0 = Release|Any CPU
	EndGlobalSection
	GlobalSection(SolutionProperties) = preSolution
		HideSolutionNode = FALSE
	EndGlobalSection
	GlobalSection(ExtensibilityGlobals) = postSolution
		SolutionGuid = {7CE883A9-9E89-499C-B604-6F3FC0271FFD}
	EndGlobalSection
EndGlobal
